Microsoft Visual Studio Solution File, Format Version 12.00
# Visual Studio Version 17
VisualStudioVersion = 17.13.35919.96
MinimumVisualStudioVersion = 10.0.40219.1
Project("{8BC9CEB8-8B4A-11D0-8D11-00A0C91BC942}") = "L20250422_Engine", "L20250422_Engine.vcxproj", "{F05E6742-1134-4528-B42C-92F2146F7876}"
EndProject
Global
	GlobalSection(SolutionConfigurationPlatforms) = preSolution
		Debug|x64 = Debug|x64
		Debug|x86 = Debug|x86
		Release|x64 = Release|x64
		Release|x86 = Release|x86
	EndGlobalSection
	GlobalSection(ProjectConfigurationPlatforms) = postSolution
		{F05E6742-1134-4528-B42C-92F2146F7876}.Debug|x64.ActiveCfg = Debug|x64
		{F05E6742-1134-4528-B42C-92F2146F7876}.Debug|x64.Build.0 = Debug|x64
		{F05E6742-1134-4528-B42C-92F2146F7876}.Debug|x86.ActiveCfg = Debug|Win32
		{F05E6742-1134-4528-B42C-92F2146F7876}.Debug|x86.Build.0 = Debug|Win32
		{F05E6742-1134-4528-B42C-92F2146F7876}.Release|x64.ActiveCfg = Release|x64
		{F05E6742-1134-4528-B42C-92F2146F7876}.Release|x64.Build.0 = Release|x64
		{F05E6742-1134-4528-B42C-92F2146F7876}.Release|x86.ActiveCfg = Release|Win32
		{F05E6742-1134-4528-B42C-92F2146F7876}.Release|x86.Build.0 = Release|Win32
	EndGlobalSection
	GlobalSection(SolutionProperties) = preSolution
		HideSolutionNode = FALSE
	EndGlobalSection
	GlobalSection(ExtensibilityGlobals) = postSolution
		SolutionGuid = {EA401E05-E4AB-4FB2-BE8E-0328B0214747}
	EndGlobalSection
EndGlobal
